
Microsoft Visual Studio Solution File, Format Version 12.00
# Visual Studio Version 17
VisualStudioVersion = 17.7.34031.279
MinimumVisualStudioVersion = 10.0.40219.1
Project("{9A19103F-16F7-4668-BE54-9A1E7A4F7556}") = "Questao5", "Questao5.csproj", "{47F30DD1-15EC-40CA-9A68-4AEE4F6EFE8A}"
EndProject
Global
	GlobalSection(SolutionConfigurationPlatforms) = preSolution
		Debug|Any CPU = Debug|Any CPU
		Release|Any CPU = Release|Any CPU
	EndGlobalSection
	GlobalSection(ProjectConfigurationPlatforms) = postSolution
		{47F30DD1-15EC-40CA-9A68-4AEE4F6EFE8A}.Debug|Any CPU.ActiveCfg = Debug|Any CPU
		{47F30DD1-15EC-40CA-9A68-4AEE4F6EFE8A}.Debug|Any CPU.Build.0 = Debug|Any CPU
		{47F30DD1-15EC-40CA-9A68-4AEE4F6EFE8A}.Release|Any CPU.ActiveCfg = Release|Any CPU
		{47F30DD1-15EC-40CA-9A68-4AEE4F6EFE8A}.Release|Any CPU.Build.0 = Release|Any CPU
	EndGlobalSection
	GlobalSection(SolutionProperties) = preSolution
		HideSolutionNode = FALSE
	EndGlobalSection
	GlobalSection(ExtensibilityGlobals) = postSolution
		SolutionGuid = {A4EA70FE-095C-4118-97D7-234F8130948A}
	EndGlobalSection
EndGlobal
